PODS:
  - GoogleMaps (5.2.0):
    - GoogleMaps/Maps (= 5.2.0)
  - GoogleMaps/Base (5.2.0)
  - GoogleMaps/Maps (5.2.0):
    - GoogleMaps/Base
  - GooglePlaces (5.1.0)
  - JSONModel (1.8.0)
  - PodAsset (1.3.0)
  - Realm (10.1.0):
    - Realm/Headers (= 10.1.0)
  - Realm/Headers (10.1.0)
  - SDWebImage (5.21.1):
    - SDWebImage/Core (= 5.21.1)
  - SDWebImage/Core (5.21.1)
  - SocketRocket (0.7.1)
  - ZSWTappableLabel (2.0)

DEPENDENCIES:
  - GoogleMaps
  - GooglePlaces
  - JSONModel (~> 1.1)
  - PodAsset
  - Realm (= 10.1.0)
  - SDWebImage
  - SocketRocket
  - ZSWTappableLabel (~> 2.0)

SPEC REPOS:
  https://github.com/CocoaPods/Specs.git:
    - GoogleMaps
    - GooglePlaces
    - JSONModel
    - PodAsset
    - Realm
    - SDWebImage
    - SocketRocket
    - ZSWTappableLabel

SPEC CHECKSUMS:
  GoogleMaps: 025272d5876d3b32604e5c080dc25eaf68764693
  GooglePlaces: c57cd5aa7e91d10fa5106c792de74f3bd6436260
  JSONModel: 02ab723958366a3fd27da57ea2af2113658762e9
  PodAsset: 161b57cdf4d7307b0fb652cccab32fa8d5dc580b
  Realm: 100df88a0faf5328f48477427e4b3e1a1598bae3
  SDWebImage: f29024626962457f3470184232766516dee8dfea
  SocketRocket: d4aabe649be1e368d1318fdf28a022d714d65748
  ZSWTappableLabel: cff84c0a55e30f2141f7dac24e5903302a7e35ec

PODFILE CHECKSUM: b62ab7a93b93ca324c241897c390e1b6b8c99355

COCOAPODS: 1.15.2
