PODS:
  - AFNetworking (4.0.1):
    - AFNetworking/NSURLSession (= 4.0.1)
    - AFNetworking/Reachability (= 4.0.1)
    - AFNetworking/Security (= 4.0.1)
    - AFNetworking/Serialization (= 4.0.1)
    - AFNetworking/UIKit (= 4.0.1)
  - AFNetworking/NSURLSession (4.0.1):
    - AFNetworking/Reachability
    - AFNetworking/Security
    - AFNetworking/Serialization
  - AFNetworking/Reachability (4.0.1)
  - AFNetworking/Security (4.0.1)
  - AFNetworking/Serialization (4.0.1)
  - AFNetworking/UIKit (4.0.1):
    - AFNetworking/NSURLSession
  - GoogleMaps (3.10.0):
    - GoogleMaps/Maps (= 3.10.0)
  - GoogleMaps/Base (3.10.0)
  - GoogleMaps/Maps (3.10.0):
    - GoogleMaps/Base
  - GooglePlaces (3.10.0):
    - GoogleMaps/Base (= 3.10.0)
  - JSONModel (1.8.0)
  - PodAsset (1.0.0)
  - Realm (5.4.6):
    - Realm/Headers (= 5.4.6)
  - Realm/Headers (5.4.6)
  - SDWebImage (5.9.2):
    - SDWebImage/Core (= 5.9.2)
  - SDWebImage/Core (5.9.2)
  - SocketRocket (0.5.1)
  - ZSWTappableLabel (2.0)

DEPENDENCIES:
  - AFNetworking (~> 4.0.0)
  - GoogleMaps
  - GooglePlaces
  - JSONModel (~> 1.1)
  - PodAsset
  - Realm
  - SDWebImage
  - SocketRocket
  - ZSWTappableLabel (~> 2.0)

SPEC REPOS:
  https://github.com/CocoaPods/Specs.git:
    - AFNetworking
    - GoogleMaps
    - GooglePlaces
    - JSONModel
    - PodAsset
    - Realm
    - SDWebImage
    - SocketRocket
    - ZSWTappableLabel

SPEC CHECKSUMS:
  AFNetworking: 7864c38297c79aaca1500c33288e429c3451fdce
  GoogleMaps: 8c080862ff2748ece9929471b30feb56a6c5079d
  GooglePlaces: 9a6f5f3a0c88da2aa1bf7426a65d3e004f5e69a1
  JSONModel: 02ab723958366a3fd27da57ea2af2113658762e9
  PodAsset: c2c2b20013c1edf698fea2bacba6e75a638537a2
  Realm: bb8d7be40d0bc92f139c47095124513c489c0baf
  SDWebImage: 0b42b8719ab0c5257177d5894306e8a336b21cbb
  SocketRocket: d57c7159b83c3c6655745cd15302aa24b6bae531
  ZSWTappableLabel: cff84c0a55e30f2141f7dac24e5903302a7e35ec

PODFILE CHECKSUM: 0df405459fdb90ee4a0a4373849d6d2e9ffeed5c

COCOAPODS: 1.9.3
